
Microsoft Visual Studio Solution File, Format Version 12.00
# Visual Studio Version 16
VisualStudioVersion = 16.0.34301.259
MinimumVisualStudioVersion = 10.0.40219.1
Project("{FAE04EC0-301F-11D3-BF4B-00C04F79EFBC}") = "DoAn.Net", "DoAn.Net\DoAn.Net.csproj", "{4EC670DA-FE2A-42F3-A395-7075C2904575}"
EndProject
Global
	GlobalSection(SolutionConfigurationPlatforms) = preSolution
		Debug|Any CPU = Debug|Any CPU
		Release|Any CPU = Release|Any CPU
	EndGlobalSection
	GlobalSection(ProjectConfigurationPlatforms) = postSolution
		{4EC670DA-FE2A-42F3-A395-7075C2904575}.Debug|Any CPU.ActiveCfg = Debug|Any CPU
		{4EC670DA-FE2A-42F3-A395-7075C2904575}.Debug|Any CPU.Build.0 = Debug|Any CPU
		{4EC670DA-FE2A-42F3-A395-7075C2904575}.Release|Any CPU.ActiveCfg = Release|Any CPU
		{4EC670DA-FE2A-42F3-A395-7075C2904575}.Release|Any CPU.Build.0 = Release|Any CPU
	EndGlobalSection
	GlobalSection(SolutionProperties) = preSolution
		HideSolutionNode = FALSE
	EndGlobalSection
	GlobalSection(ExtensibilityGlobals) = postSolution
		SolutionGuid = {F6451BA0-EE64-4505-A3F9-CB7C44AA00DD}
	EndGlobalSection
EndGlobal
